// !$*UTF8*$!
{
	archiveVersion = 1;
	classes = {
	};
	objectVersion = 46;
	objects = {

/* Begin PBXBuildFile section */
		7C2348BC196FC1DB00C9F0A9 /* TSActionSheet.m in Sources */ = {isa = PBXBuildFile; fileRef = 7C2348B2196FC1DB00C9F0A9 /* TSActionSheet.m */; };
		7C2348BD196FC1DB00C9F0A9 /* TSPopoverController.m in Sources */ = {isa = PBXBuildFile; fileRef = 7C2348B4196FC1DB00C9F0A9 /* TSPopoverController.m */; };
		7C2348BE196FC1DB00C9F0A9 /* TSPopoverPopoverView.m in Sources */ = {isa = PBXBuildFile; fileRef = 7C2348B6196FC1DB00C9F0A9 /* TSPopoverPopoverView.m */; };
		7C2348BF196FC1DB00C9F0A9 /* TSPopoverTouchView.m in Sources */ = {isa = PBXBuildFile; fileRef = 7C2348B9196FC1DB00C9F0A9 /* TSPopoverTouchView.m */; };
		7C2348C0196FC1DB00C9F0A9 /* UIBarButtonItem+WEPopover.m in Sources */ = {isa = PBXBuildFile; fileRef = 7C2348BB196FC1DB00C9F0A9 /* UIBarButtonItem+WEPopover.m */; };
		7C2348C2196FD4A200C9F0A9 /* RegistrationViewController.xib in Resources */ = {isa = PBXBuildFile; fileRef = 7C2348C1196FD4A200C9F0A9 /* RegistrationViewController.xib */; };
		7C3CC478196F62B100AB4EC6 /* background-tablecell.png in Resources */ = {isa = PBXBuildFile; fileRef = 7C3CC450196F62B100AB4EC6 /* background-tablecell.png */; };
		7C3CC479196F62B100AB4EC6 /* BGpng in Resources */ = {isa = PBXBuildFile; fileRef = 7C3CC451196F62B100AB4EC6 /* BGpng */; };
		7C3CC47A196F62B100AB4EC6 /* loginbg.png in Resources */ = {isa = PBXBuildFile; fileRef = 7C3CC452196F62B100AB4EC6 /* loginbg.png */; };
		7C3CC47B196F62B100AB4EC6 /* menuBG.png in Resources */ = {isa = PBXBuildFile; fileRef = 7C3CC453196F62B100AB4EC6 /* menuBG.png */; };
		7C3CC47C196F62B100AB4EC6 /* nav bar.png in Resources */ = {isa = PBXBuildFile; fileRef = 7C3CC454196F62B100AB4EC6 /* nav bar.png */; };
		7C3CC47E196F62B100AB4EC6 /* signin bar.png in Resources */ = {isa = PBXBuildFile; fileRef = 7C3CC456196F62B100AB4EC6 /* signin bar.png */; };
		7C3CC47F196F62B100AB4EC6 /* About Netcare.png in Resources */ = {isa = PBXBuildFile; fileRef = 7C3CC458196F62B100AB4EC6 /* About Netcare.png */; };
		7C3CC482196F62B100AB4EC6 /* Claims.png in Resources */ = {isa = PBXBuildFile; fileRef = 7C3CC45B196F62B100AB4EC6 /* Claims.png */; };
		7C3CC483196F62B100AB4EC6 /* Deductible.png in Resources */ = {isa = PBXBuildFile; fileRef = 7C3CC45C196F62B100AB4EC6 /* Deductible.png */; };
		7C3CC484196F62B100AB4EC6 /* dependentbtn.png in Resources */ = {isa = PBXBuildFile; fileRef = 7C3CC45D196F62B100AB4EC6 /* dependentbtn.png */; };
		7C3CC485196F62B100AB4EC6 /* dependents.png in Resources */ = {isa = PBXBuildFile; fileRef = 7C3CC45E196F62B100AB4EC6 /* dependents.png */; };
		7C3CC486196F62B100AB4EC6 /* Eligibility Info.png in Resources */ = {isa = PBXBuildFile; fileRef = 7C3CC45F196F62B100AB4EC6 /* Eligibility Info.png */; };
		7C3CC487196F62B100AB4EC6 /* FAQ's.png in Resources */ = {isa = PBXBuildFile; fileRef = 7C3CC460196F62B100AB4EC6 /* FAQ's.png */; };
		7C3CC488196F62B100AB4EC6 /* Find Provider.png in Resources */ = {isa = PBXBuildFile; fileRef = 7C3CC461196F62B100AB4EC6 /* Find Provider.png */; };
		7C3CC489196F62B100AB4EC6 /* Gen Survey.png in Resources */ = {isa = PBXBuildFile; fileRef = 7C3CC462196F62B100AB4EC6 /* Gen Survey.png */; };
		7C3CC48A196F62B100AB4EC6 /* home.png in Resources */ = {isa = PBXBuildFile; fileRef = 7C3CC463196F62B100AB4EC6 /* home.png */; };
		7C3CC48B196F62B100AB4EC6 /* homebtn.png in Resources */ = {isa = PBXBuildFile; fileRef = 7C3CC464196F62B100AB4EC6 /* homebtn.png */; };
		7C3CC48C196F62B100AB4EC6 /* icon.png in Resources */ = {isa = PBXBuildFile; fileRef = 7C3CC465196F62B100AB4EC6 /* icon.png */; };
		7C3CC48D196F62B100AB4EC6 /* logout.png in Resources */ = {isa = PBXBuildFile; fileRef = 7C3CC466196F62B100AB4EC6 /* logout.png */; };
		7C3CC48E196F62B100AB4EC6 /* Member Info.png in Resources */ = {isa = PBXBuildFile; fileRef = 7C3CC467196F62B100AB4EC6 /* Member Info.png */; };
		7C3CC48F196F62B100AB4EC6 /* member.png in Resources */ = {isa = PBXBuildFile; fileRef = 7C3CC468196F62B100AB4EC6 /* member.png */; };
		7C3CC490196F62B100AB4EC6 /* memberbtn.png in Resources */ = {isa = PBXBuildFile; fileRef = 7C3CC469196F62B100AB4EC6 /* memberbtn.png */; };
		7C3CC491196F62B100AB4EC6 /* menubtn.png in Resources */ = {isa = PBXBuildFile; fileRef = 7C3CC46A196F62B100AB4EC6 /* menubtn.png */; };
		7C3CC492196F62B100AB4EC6 /* Product Listing.png in Resources */ = {isa = PBXBuildFile; fileRef = 7C3CC46B196F62B100AB4EC6 /* Product Listing.png */; };
		7C3CC493196F62B100AB4EC6 /* Upcoming Events.png in Resources */ = {isa = PBXBuildFile; fileRef = 7C3CC46C196F62B100AB4EC6 /* Upcoming Events.png */; };
		7C3CC494196F62B100AB4EC6 /* FindProvider.jpg in Resources */ = {isa = PBXBuildFile; fileRef = 7C3CC46D196F62B100AB4EC6 /* FindProvider.jpg */; };
		7C3CC495196F62B100AB4EC6 /* nclogo.png in Resources */ = {isa = PBXBuildFile; fileRef = 7C3CC46E196F62B100AB4EC6 /* nclogo.png */; };
		7C3CC496196F62B100AB4EC6 /* Netcare logo.png in Resources */ = {isa = PBXBuildFile; fileRef = 7C3CC46F196F62B100AB4EC6 /* Netcare logo.png */; };
		7C3CC497196F62B100AB4EC6 /* check box.png in Resources */ = {isa = PBXBuildFile; fileRef = 7C3CC471196F62B100AB4EC6 /* check box.png */; };
		7C3CC498196F62B100AB4EC6 /* check.png in Resources */ = {isa = PBXBuildFile; fileRef = 7C3CC472196F62B100AB4EC6 /* check.png */; };
		7C3CC499196F62B100AB4EC6 /* registration box.png in Resources */ = {isa = PBXBuildFile; fileRef = 7C3CC473196F62B100AB4EC6 /* registration box.png */; };
		7C3CC49A196F62B100AB4EC6 /* sample01.png in Resources */ = {isa = PBXBuildFile; fileRef = 7C3CC474196F62B100AB4EC6 /* sample01.png */; };
		7C3CC49B196F62B100AB4EC6 /* sample02.png in Resources */ = {isa = PBXBuildFile; fileRef = 7C3CC475196F62B100AB4EC6 /* sample02.png */; };
		7C3CC49C196F62B100AB4EC6 /* whitebox.png in Resources */ = {isa = PBXBuildFile; fileRef = 7C3CC476196F62B100AB4EC6 /* whitebox.png */; };
		7C3CC49D196F62B100AB4EC6 /* whitebox_expired.png in Resources */ = {isa = PBXBuildFile; fileRef = 7C3CC477196F62B100AB4EC6 /* whitebox_expired.png */; };
		7C3CC4A0196F637300AB4EC6 /* checkbox_empty.png in Resources */ = {isa = PBXBuildFile; fileRef = 7C3CC49E196F637300AB4EC6 /* checkbox_empty.png */; };
		7C3CC4A1196F637300AB4EC6 /* checkbox_selected.png in Resources */ = {isa = PBXBuildFile; fileRef = 7C3CC49F196F637300AB4EC6 /* checkbox_selected.png */; };
		7C3CC4A3196F639000AB4EC6 /* registrationbox.png in Resources */ = {isa = PBXBuildFile; fileRef = 7C3CC4A2196F639000AB4EC6 /* registrationbox.png */; };
		7C3CC4A5196F647400AB4EC6 /* LaunchImg_568hRetina.png in Resources */ = {isa = PBXBuildFile; fileRef = 7C3CC4A4196F647400AB4EC6 /* LaunchImg_568hRetina.png */; };
		7C3CC4A7196F66F200AB4EC6 /* Default-568h@2x.png in Resources */ = {isa = PBXBuildFile; fileRef = 7C3CC4A6196F66F200AB4EC6 /* Default-568h@2x.png */; };
		7C3CC4AB196F67AE00AB4EC6 /* RegistrationViewController.m in Sources */ = {isa = PBXBuildFile; fileRef = 7C3CC4A9196F67AE00AB4EC6 /* RegistrationViewController.m */; };
		7CA90C3E196382E900E9545A /* MemberInfoViewController.m in Sources */ = {isa = PBXBuildFile; fileRef = 7CA90C3C196382E900E9545A /* MemberInfoViewController.m */; };
		7CA90C45196385E400E9545A /* DependentInfoViewController.m in Sources */ = {isa = PBXBuildFile; fileRef = 7CA90C43196385E400E9545A /* DependentInfoViewController.m */; };
		7CA90C881963CDD400E9545A /* ProductListingViewController.m in Sources */ = {isa = PBXBuildFile; fileRef = 7CA90C861963CDD400E9545A /* ProductListingViewController.m */; };
		7CA90C921963D11000E9545A /* ClaimsViewController.m in Sources */ = {isa = PBXBuildFile; fileRef = 7CA90C901963D11000E9545A /* ClaimsViewController.m */; };
		7CA90C971963D12800E9545A /* DeductibleViewController.m in Sources */ = {isa = PBXBuildFile; fileRef = 7CA90C951963D12800E9545A /* DeductibleViewController.m */; };
		7CA90CA11963D14E00E9545A /* GenSurveyViewController.m in Sources */ = {isa = PBXBuildFile; fileRef = 7CA90C9F1963D14E00E9545A /* GenSurveyViewController.m */; };
		7CA90CA61963D15C00E9545A /* FAQViewController.m in Sources */ = {isa = PBXBuildFile; fileRef = 7CA90CA41963D15C00E9545A /* FAQViewController.m */; };
		7CA90CBC1963D19E00E9545A /* EventsViewController.m in Sources */ = {isa = PBXBuildFile; fileRef = 7CA90CBB1963D19E00E9545A /* EventsViewController.m */; };
		7CB3652519627C28003E216F /* Foundation.framework in Frameworks */ = {isa = PBXBuildFile; fileRef = 7CB3652419627C28003E216F /* Foundation.framework */; };
		7CB3652719627C28003E216F /* CoreGraphics.framework in Frameworks */ = {isa = PBXBuildFile; fileRef = 7CB3652619627C28003E216F /* CoreGraphics.framework */; };
		7CB3652919627C28003E216F /* UIKit.framework in Frameworks */ = {isa = PBXBuildFile; fileRef = 7CB3652819627C28003E216F /* UIKit.framework */; };
		7CB3652F19627C28003E216F /* InfoPlist.strings in Resources */ = {isa = PBXBuildFile; fileRef = 7CB3652D19627C28003E216F /* InfoPlist.strings */; };
		7CB3653119627C28003E216F /* main.m in Sources */ = {isa = PBXBuildFile; fileRef = 7CB3653019627C28003E216F /* main.m */; };
		7CB3653519627C28003E216F /* AppDelegate.m in Sources */ = {isa = PBXBuildFile; fileRef = 7CB3653419627C28003E216F /* AppDelegate.m */; };
		7CB3653719627C28003E216F /* Images.xcassets in Resources */ = {isa = PBXBuildFile; fileRef = 7CB3653619627C28003E216F /* Images.xcassets */; };
		7CB3653E19627C28003E216F /* XCTest.framework in Frameworks */ = {isa = PBXBuildFile; fileRef = 7CB3653D19627C28003E216F /* XCTest.framework */; };
		7CB3653F19627C28003E216F /* Foundation.framework in Frameworks */ = {isa = PBXBuildFile; fileRef = 7CB3652419627C28003E216F /* Foundation.framework */; };
		7CB3654019627C28003E216F /* UIKit.framework in Frameworks */ = {isa = PBXBuildFile; fileRef = 7CB3652819627C28003E216F /* UIKit.framework */; };
		7CB3654819627C28003E216F /* InfoPlist.strings in Resources */ = {isa = PBXBuildFile; fileRef = 7CB3654619627C28003E216F /* InfoPlist.strings */; };
		7CB3654A19627C28003E216F /* NetCareTests.m in Sources */ = {isa = PBXBuildFile; fileRef = 7CB3654919627C28003E216F /* NetCareTests.m */; };
		7CB365A419627DEF003E216F /* ASIAuthenticationDialog.m in Sources */ = {isa = PBXBuildFile; fileRef = 7CB3655B19627DEF003E216F /* ASIAuthenticationDialog.m */; settings = {COMPILER_FLAGS = "-fno-objc-arc"; }; };
		7CB365A519627DEF003E216F /* ASIDataCompressor.m in Sources */ = {isa = PBXBuildFile; fileRef = 7CB3655E19627DEF003E216F /* ASIDataCompressor.m */; settings = {COMPILER_FLAGS = "-fno-objc-arc"; }; };
		7CB365A619627DEF003E216F /* ASIDataDecompressor.m in Sources */ = {isa = PBXBuildFile; fileRef = 7CB3656019627DEF003E216F /* ASIDataDecompressor.m */; settings = {COMPILER_FLAGS = "-fno-objc-arc"; }; };
		7CB365A719627DEF003E216F /* ASIDownloadCache.m in Sources */ = {isa = PBXBuildFile; fileRef = 7CB3656219627DEF003E216F /* ASIDownloadCache.m */; settings = {COMPILER_FLAGS = "-fno-objc-arc"; }; };
		7CB365A819627DEF003E216F /* ASIFormDataRequest.m in Sources */ = {isa = PBXBuildFile; fileRef = 7CB3656419627DEF003E216F /* ASIFormDataRequest.m */; settings = {COMPILER_FLAGS = "-fno-objc-arc"; }; };
		7CB365A919627DEF003E216F /* ASIHTTPRequest.m in Sources */ = {isa = PBXBuildFile; fileRef = 7CB3656619627DEF003E216F /* ASIHTTPRequest.m */; settings = {COMPILER_FLAGS = "-fno-objc-arc"; }; };
		7CB365AA19627DEF003E216F /* ASIInputStream.m in Sources */ = {isa = PBXBuildFile; fileRef = 7CB3656A19627DEF003E216F /* ASIInputStream.m */; settings = {COMPILER_FLAGS = "-fno-objc-arc"; }; };
		7CB365AB19627DEF003E216F /* ASINetworkQueue.m in Sources */ = {isa = PBXBuildFile; fileRef = 7CB3656C19627DEF003E216F /* ASINetworkQueue.m */; settings = {COMPILER_FLAGS = "-fno-objc-arc"; }; };
		7CB365B519627DEF003E216F /* MBProgressHUD.m in Sources */ = {isa = PBXBuildFile; fileRef = 7CB3657E19627DEF003E216F /* MBProgressHUD.m */; };
		7CB365B619627DEF003E216F /* MyAnnotation.m in Sources */ = {isa = PBXBuildFile; fileRef = 7CB3658019627DEF003E216F /* MyAnnotation.m */; settings = {COMPILER_FLAGS = "-fno-objc-arc"; }; };
		7CB365B719627DEF003E216F /* PKRevealController.m in Sources */ = {isa = PBXBuildFile; fileRef = 7CB3658319627DEF003E216F /* PKRevealController.m */; };
		7CB365B819627DEF003E216F /* PKRevealControllerContainerView.m in Sources */ = {isa = PBXBuildFile; fileRef = 7CB3658519627DEF003E216F /* PKRevealControllerContainerView.m */; };
		7CB365B919627DEF003E216F /* UIViewController+PKRevealController.m in Sources */ = {isa = PBXBuildFile; fileRef = 7CB3658719627DEF003E216F /* UIViewController+PKRevealController.m */; };
		7CB365BA19627DEF003E216F /* Reachability.m in Sources */ = {isa = PBXBuildFile; fileRef = 7CB3658919627DEF003E216F /* Reachability.m */; settings = {COMPILER_FLAGS = "-fno-objc-arc"; }; };
		7CB365C819627E08003E216F /* libz.1.1.3.dylib in Frameworks */ = {isa = PBXBuildFile; fileRef = 7CB365C719627E08003E216F /* libz.1.1.3.dylib */; };
		7CB365CA19627E20003E216F /* libz.dylib in Frameworks */ = {isa = PBXBuildFile; fileRef = 7CB365C919627E20003E216F /* libz.dylib */; };
		7CB365D119627ED1003E216F /* MainViewController.m in Sources */ = {isa = PBXBuildFile; fileRef = 7CB365CF19627ED1003E216F /* MainViewController.m */; };
		7CB365D519627EFF003E216F /* SideMenuViewController.m in Sources */ = {isa = PBXBuildFile; fileRef = 7CB365D319627EFF003E216F /* SideMenuViewController.m */; };
		7CB365DA19627F37003E216F /* LoginViewController.m in Sources */ = {isa = PBXBuildFile; fileRef = 7CB365D819627F37003E216F /* LoginViewController.m */; };
		7CB365E619628A98003E216F /* FindProviderViewController.m in Sources */ = {isa = PBXBuildFile; fileRef = 7CB365E419628A98003E216F /* FindProviderViewController.m */; };
		7CB365F1196290E3003E216F /* AboutViewController.m in Sources */ = {isa = PBXBuildFile; fileRef = 7CB365EF196290E3003E216F /* AboutViewController.m */; };
		7CBC77151964DED7003987FA /* AboutViewController.xib in Resources */ = {isa = PBXBuildFile; fileRef = 7CBC77071964DED7003987FA /* AboutViewController.xib */; };
		7CBC77161964DED7003987FA /* ClaimsViewController.xib in Resources */ = {isa = PBXBuildFile; fileRef = 7CBC77081964DED7003987FA /* ClaimsViewController.xib */; };
		7CBC77171964DED7003987FA /* DeductibleViewController.xib in Resources */ = {isa = PBXBuildFile; fileRef = 7CBC77091964DED7003987FA /* DeductibleViewController.xib */; };
		7CBC77181964DED7003987FA /* DependentInfoViewController.xib in Resources */ = {isa = PBXBuildFile; fileRef = 7CBC770A1964DED7003987FA /* DependentInfoViewController.xib */; };
		7CBC771A1964DED7003987FA /* EventsViewController.xib in Resources */ = {isa = PBXBuildFile; fileRef = 7CBC770C1964DED7003987FA /* EventsViewController.xib */; };
		7CBC771B1964DED7003987FA /* FAQViewController.xib in Resources */ = {isa = PBXBuildFile; fileRef = 7CBC770D1964DED7003987FA /* FAQViewController.xib */; };
		7CBC771C1964DED7003987FA /* FindProviderViewController.xib in Resources */ = {isa = PBXBuildFile; fileRef = 7CBC770E1964DED7003987FA /* FindProviderViewController.xib */; };
		7CBC771D1964DED7003987FA /* GenSurveyViewController.xib in Resources */ = {isa = PBXBuildFile; fileRef = 7CBC770F1964DED7003987FA /* GenSurveyViewController.xib */; };
		7CBC771E1964DED7003987FA /* LoginViewController.xib in Resources */ = {isa = PBXBuildFile; fileRef = 7CBC77101964DED7003987FA /* LoginViewController.xib */; };
		7CBC771F1964DED7003987FA /* MainViewController.xib in Resources */ = {isa = PBXBuildFile; fileRef = 7CBC77111964DED7003987FA /* MainViewController.xib */; };
		7CBC77201964DED7003987FA /* MemberInfoViewController.xib in Resources */ = {isa = PBXBuildFile; fileRef = 7CBC77121964DED7003987FA /* MemberInfoViewController.xib */; };
		7CBC77211964DED7003987FA /* ProductListingViewController.xib in Resources */ = {isa = PBXBuildFile; fileRef = 7CBC77131964DED7003987FA /* ProductListingViewController.xib */; };
		7CBC77221964DED7003987FA /* SideMenuViewController.xib in Resources */ = {isa = PBXBuildFile; fileRef = 7CBC77141964DED7003987FA /* SideMenuViewController.xib */; };
		7CBC772C1964E704003987FA /* SideMenuiPadViewController.m in Sources */ = {isa = PBXBuildFile; fileRef = 7CBC772A1964E704003987FA /* SideMenuiPadViewController.m */; };
/* End PBXBuildFile section */

/* Begin PBXContainerItemProxy section */
		7CB3654119627C28003E216F /* PBXContainerItemProxy */ = {
			isa = PBXContainerItemProxy;
			containerPortal = 7CB3651919627C28003E216F /* Project object */;
			proxyType = 1;
			remoteGlobalIDString = 7CB3652019627C28003E216F;
			remoteInfo = NetCare;
		};
/* End PBXContainerItemProxy section */

/* Begin PBXFileReference section */
		7C2348B1196FC1DB00C9F0A9 /* TSActionSheet.h */ = {isa = PBXFileReference; fileEncoding = 4; lastKnownFileType = sourcecode.c.h; path = TSActionSheet.h; sourceTree = "<group>"; };
		7C2348B2196FC1DB00C9F0A9 /* TSActionSheet.m */ = {isa = PBXFileReference; fileEncoding = 4; lastKnownFileType = sourcecode.c.objc; path = TSActionSheet.m; sourceTree = "<group>"; };
		7C2348B3196FC1DB00C9F0A9 /* TSPopoverController.h */ = {isa = PBXFileReference; fileEncoding = 4; lastKnownFileType = sourcecode.c.h; path = TSPopoverController.h; sourceTree = "<group>"; };
		7C2348B4196FC1DB00C9F0A9 /* TSPopoverController.m */ = {isa = PBXFileReference; fileEncoding = 4; lastKnownFileType = sourcecode.c.objc; path = TSPopoverController.m; sourceTree = "<group>"; };
		7C2348B5196FC1DB00C9F0A9 /* TSPopoverPopoverView.h */ = {isa = PBXFileReference; fileEncoding = 4; lastKnownFileType = sourcecode.c.h; path = TSPopoverPopoverView.h; sourceTree = "<group>"; };
		7C2348B6196FC1DB00C9F0A9 /* TSPopoverPopoverView.m */ = {isa = PBXFileReference; fileEncoding = 4; lastKnownFileType = sourcecode.c.objc; path = TSPopoverPopoverView.m; sourceTree = "<group>"; };
		7C2348B7196FC1DB00C9F0A9 /* TSPopoverTouchesDelegate.h */ = {isa = PBXFileReference; fileEncoding = 4; lastKnownFileType = sourcecode.c.h; path = TSPopoverTouchesDelegate.h; sourceTree = "<group>"; };
		7C2348B8196FC1DB00C9F0A9 /* TSPopoverTouchView.h */ = {isa = PBXFileReference; fileEncoding = 4; lastKnownFileType = sourcecode.c.h; path = TSPopoverTouchView.h; sourceTree = "<group>"; };
		7C2348B9196FC1DB00C9F0A9 /* TSPopoverTouchView.m */ = {isa = PBXFileReference; fileEncoding = 4; lastKnownFileType = sourcecode.c.objc; path = TSPopoverTouchView.m; sourceTree = "<group>"; };
		7C2348BA196FC1DB00C9F0A9 /* UIBarButtonItem+WEPopover.h */ = {isa = PBXFileReference; fileEncoding = 4; lastKnownFileType = sourcecode.c.h; path = "UIBarButtonItem+WEPopover.h"; sourceTree = "<group>"; };
		7C2348BB196FC1DB00C9F0A9 /* UIBarButtonItem+WEPopover.m */ = {isa = PBXFileReference; fileEncoding = 4; lastKnownFileType = sourcecode.c.objc; path = "UIBarButtonItem+WEPopover.m"; sourceTree = "<group>"; };
		7C2348C1196FD4A200C9F0A9 /* RegistrationViewController.xib */ = {isa = PBXFileReference; fileEncoding = 4; lastKnownFileType = file.xib; path = RegistrationViewController.xib; sourceTree = "<group>"; };
		7C3CC450196F62B100AB4EC6 /* background-tablecell.png */ = {isa = PBXFileReference; lastKnownFileType = image.png; path = "background-tablecell.png"; sourceTree = "<group>"; };
		7C3CC451196F62B100AB4EC6 /* BGpng */ = {isa = PBXFileReference; lastKnownFileType = file; path = BGpng; sourceTree = "<group>"; };
		7C3CC452196F62B100AB4EC6 /* loginbg.png */ = {isa = PBXFileReference; lastKnownFileType = image.png; path = loginbg.png; sourceTree = "<group>"; };
		7C3CC453196F62B100AB4EC6 /* menuBG.png */ = {isa = PBXFileReference; lastKnownFileType = image.png; path = menuBG.png; sourceTree = "<group>"; };
		7C3CC454196F62B100AB4EC6 /* nav bar.png */ = {isa = PBXFileReference; lastKnownFileType = image.png; path = "nav bar.png"; sourceTree = "<group>"; };
		7C3CC456196F62B100AB4EC6 /* signin bar.png */ = {isa = PBXFileReference; lastKnownFileType = image.png; path = "signin bar.png"; sourceTree = "<group>"; };
		7C3CC458196F62B100AB4EC6 /* About Netcare.png */ = {isa = PBXFileReference; lastKnownFileType = image.png; path = "About Netcare.png"; sourceTree = "<group>"; };
		7C3CC45B196F62B100AB4EC6 /* Claims.png */ = {isa = PBXFileReference; lastKnownFileType = image.png; path = Claims.png; sourceTree = "<group>"; };
		7C3CC45C196F62B100AB4EC6 /* Deductible.png */ = {isa = PBXFileReference; lastKnownFileType = image.png; path = Deductible.png; sourceTree = "<group>"; };
		7C3CC45D196F62B100AB4EC6 /* dependentbtn.png */ = {isa = PBXFileReference; lastKnownFileType = image.png; path = dependentbtn.png; sourceTree = "<group>"; };
		7C3CC45E196F62B100AB4EC6 /* dependents.png */ = {isa = PBXFileReference; lastKnownFileType = image.png; path = dependents.png; sourceTree = "<group>"; };
		7C3CC45F196F62B100AB4EC6 /* Eligibility Info.png */ = {isa = PBXFileReference; lastKnownFileType = image.png; path = "Eligibility Info.png"; sourceTree = "<group>"; };
		7C3CC460196F62B100AB4EC6 /* FAQ's.png */ = {isa = PBXFileReference; lastKnownFileType = image.png; path = "FAQ's.png"; sourceTree = "<group>"; };
		7C3CC461196F62B100AB4EC6 /* Find Provider.png */ = {isa = PBXFileReference; lastKnownFileType = image.png; path = "Find Provider.png"; sourceTree = "<group>"; };
		7C3CC462196F62B100AB4EC6 /* Gen Survey.png */ = {isa = PBXFileReference; lastKnownFileType = image.png; path = "Gen Survey.png"; sourceTree = "<group>"; };
		7C3CC463196F62B100AB4EC6 /* home.png */ = {isa = PBXFileReference; lastKnownFileType = image.png; path = home.png; sourceTree = "<group>"; };
		7C3CC464196F62B100AB4EC6 /* homebtn.png */ = {isa = PBXFileReference; lastKnownFileType = image.png; path = homebtn.png; sourceTree = "<group>"; };
		7C3CC465196F62B100AB4EC6 /* icon.png */ = {isa = PBXFileReference; lastKnownFileType = image.png; path = icon.png; sourceTree = "<group>"; };
		7C3CC466196F62B100AB4EC6 /* logout.png */ = {isa = PBXFileReference; lastKnownFileType = image.png; path = logout.png; sourceTree = "<group>"; };
		7C3CC467196F62B100AB4EC6 /* Member Info.png */ = {isa = PBXFileReference; lastKnownFileType = image.png; path = "Member Info.png"; sourceTree = "<group>"; };
		7C3CC468196F62B100AB4EC6 /* member.png */ = {isa = PBXFileReference; lastKnownFileType = image.png; path = member.png; sourceTree = "<group>"; };
		7C3CC469196F62B100AB4EC6 /* memberbtn.png */ = {isa = PBXFileReference; lastKnownFileType = image.png; path = memberbtn.png; sourceTree = "<group>"; };
		7C3CC46A196F62B100AB4EC6 /* menubtn.png */ = {isa = PBXFileReference; lastKnownFileType = image.png; path = menubtn.png; sourceTree = "<group>"; };
		7C3CC46B196F62B100AB4EC6 /* Product Listing.png */ = {isa = PBXFileReference; lastKnownFileType = image.png; path = "Product Listing.png"; sourceTree = "<group>"; };
		7C3CC46C196F62B100AB4EC6 /* Upcoming Events.png */ = {isa = PBXFileReference; lastKnownFileType = image.png; path = "Upcoming Events.png"; sourceTree = "<group>"; };
		7C3CC46D196F62B100AB4EC6 /* FindProvider.jpg */ = {isa = PBXFileReference; lastKnownFileType = image.jpeg; path = FindProvider.jpg; sourceTree = "<group>"; };
		7C3CC46E196F62B100AB4EC6 /* nclogo.png */ = {isa = PBXFileReference; lastKnownFileType = image.png; path = nclogo.png; sourceTree = "<group>"; };
		7C3CC46F196F62B100AB4EC6 /* Netcare logo.png */ = {isa = PBXFileReference; lastKnownFileType = image.png; path = "Netcare logo.png"; sourceTree = "<group>"; };
		7C3CC471196F62B100AB4EC6 /* check box.png */ = {isa = PBXFileReference; lastKnownFileType = image.png; path = "check box.png"; sourceTree = "<group>"; };
		7C3CC472196F62B100AB4EC6 /* check.png */ = {isa = PBXFileReference; lastKnownFileType = image.png; path = check.png; sourceTree = "<group>"; };
		7C3CC473196F62B100AB4EC6 /* registration box.png */ = {isa = PBXFileReference; lastKnownFileType = image.png; path = "registration box.png"; sourceTree = "<group>"; };
		7C3CC474196F62B100AB4EC6 /* sample01.png */ = {isa = PBXFileReference; lastKnownFileType = image.png; path = sample01.png; sourceTree = "<group>"; };
		7C3CC475196F62B100AB4EC6 /* sample02.png */ = {isa = PBXFileReference; lastKnownFileType = image.png; path = sample02.png; sourceTree = "<group>"; };
		7C3CC476196F62B100AB4EC6 /* whitebox.png */ = {isa = PBXFileReference; lastKnownFileType = image.png; path = whitebox.png; sourceTree = "<group>"; };
		7C3CC477196F62B100AB4EC6 /* whitebox_expired.png */ = {isa = PBXFileReference; lastKnownFileType = image.png; path = whitebox_expired.png; sourceTree = "<group>"; };
		7C3CC49E196F637300AB4EC6 /* checkbox_empty.png */ = {isa = PBXFileReference; lastKnownFileType = image.png; path = checkbox_empty.png; sourceTree = "<group>"; };
		7C3CC49F196F637300AB4EC6 /* checkbox_selected.png */ = {isa = PBXFileReference; lastKnownFileType = image.png; path = checkbox_selected.png; sourceTree = "<group>"; };
		7C3CC4A2196F639000AB4EC6 /* registrationbox.png */ = {isa = PBXFileReference; lastKnownFileType = image.png; path = registrationbox.png; sourceTree = "<group>"; };
		7C3CC4A4196F647400AB4EC6 /* LaunchImg_568hRetina.png */ = {isa = PBXFileReference; lastKnownFileType = image.png; path = LaunchImg_568hRetina.png; sourceTree = "<group>"; };
		7C3CC4A6196F66F200AB4EC6 /* Default-568h@2x.png */ = {isa = PBXFileReference; lastKnownFileType = image.png; path = "Default-568h@2x.png"; sourceTree = "<group>"; };
		7C3CC4A8196F67AE00AB4EC6 /* RegistrationViewController.h */ = {isa = PBXFileReference; fileEncoding = 4; lastKnownFileType = sourcecode.c.h; path = RegistrationViewController.h; sourceTree = "<group>"; };
		7C3CC4A9196F67AE00AB4EC6 /* RegistrationViewController.m */ = {isa = PBXFileReference; fileEncoding = 4; lastKnownFileType = sourcecode.c.objc; path = RegistrationViewController.m; sourceTree = "<group>"; };
		7CA90C3B196382E900E9545A /* MemberInfoViewController.h */ = {isa = PBXFileReference; fileEncoding = 4; lastKnownFileType = sourcecode.c.h; path = MemberInfoViewController.h; sourceTree = "<group>"; };
		7CA90C3C196382E900E9545A /* MemberInfoViewController.m */ = {isa = PBXFileReference; fileEncoding = 4; lastKnownFileType = sourcecode.c.objc; path = MemberInfoViewController.m; sourceTree = "<group>"; };
		7CA90C42196385E400E9545A /* DependentInfoViewController.h */ = {isa = PBXFileReference; fileEncoding = 4; lastKnownFileType = sourcecode.c.h; path = DependentInfoViewController.h; sourceTree = "<group>"; };
		7CA90C43196385E400E9545A /* DependentInfoViewController.m */ = {isa = PBXFileReference; fileEncoding = 4; lastKnownFileType = sourcecode.c.objc; path = DependentInfoViewController.m; sourceTree = "<group>"; };
		7CA90C851963CDD400E9545A /* ProductListingViewController.h */ = {isa = PBXFileReference; fileEncoding = 4; lastKnownFileType = sourcecode.c.h; path = ProductListingViewController.h; sourceTree = "<group>"; };
		7CA90C861963CDD400E9545A /* ProductListingViewController.m */ = {isa = PBXFileReference; fileEncoding = 4; lastKnownFileType = sourcecode.c.objc; path = ProductListingViewController.m; sourceTree = "<group>"; };
		7CA90C8F1963D11000E9545A /* ClaimsViewController.h */ = {isa = PBXFileReference; fileEncoding = 4; lastKnownFileType = sourcecode.c.h; path = ClaimsViewController.h; sourceTree = "<group>"; };
		7CA90C901963D11000E9545A /* ClaimsViewController.m */ = {isa = PBXFileReference; fileEncoding = 4; lastKnownFileType = sourcecode.c.objc; path = ClaimsViewController.m; sourceTree = "<group>"; };
		7CA90C941963D12800E9545A /* DeductibleViewController.h */ = {isa = PBXFileReference; fileEncoding = 4; lastKnownFileType = sourcecode.c.h; path = DeductibleViewController.h; sourceTree = "<group>"; };
		7CA90C951963D12800E9545A /* DeductibleViewController.m */ = {isa = PBXFileReference; fileEncoding = 4; lastKnownFileType = sourcecode.c.objc; path = DeductibleViewController.m; sourceTree = "<group>"; };
		7CA90C9E1963D14E00E9545A /* GenSurveyViewController.h */ = {isa = PBXFileReference; fileEncoding = 4; lastKnownFileType = sourcecode.c.h; path = GenSurveyViewController.h; sourceTree = "<group>"; };
		7CA90C9F1963D14E00E9545A /* GenSurveyViewController.m */ = {isa = PBXFileReference; fileEncoding = 4; lastKnownFileType = sourcecode.c.objc; path = GenSurveyViewController.m; sourceTree = "<group>"; };
		7CA90CA31963D15C00E9545A /* FAQViewController.h */ = {isa = PBXFileReference; fileEncoding = 4; lastKnownFileType = sourcecode.c.h; path = FAQViewController.h; sourceTree = "<group>"; };
		7CA90CA41963D15C00E9545A /* FAQViewController.m */ = {isa = PBXFileReference; fileEncoding = 4; lastKnownFileType = sourcecode.c.objc; path = FAQViewController.m; sourceTree = "<group>"; };
		7CA90CBA1963D19E00E9545A /* EventsViewController.h */ = {isa = PBXFileReference; fileEncoding = 4; lastKnownFileType = sourcecode.c.h; path = EventsViewController.h; sourceTree = "<group>"; };
		7CA90CBB1963D19E00E9545A /* EventsViewController.m */ = {isa = PBXFileReference; fileEncoding = 4; lastKnownFileType = sourcecode.c.objc; path = EventsViewController.m; sourceTree = "<group>"; };
		7CB3652119627C28003E216F /* NetCare.app */ = {isa = PBXFileReference; explicitFileType = wrapper.application; includeInIndex = 0; path = NetCare.app; sourceTree = BUILT_PRODUCTS_DIR; };
		7CB3652419627C28003E216F /* Foundation.framework */ = {isa = PBXFileReference; lastKnownFileType = wrapper.framework; name = Foundation.framework; path = System/Library/Frameworks/Foundation.framework; sourceTree = SDKROOT; };
		7CB3652619627C28003E216F /* CoreGraphics.framework */ = {isa = PBXFileReference; lastKnownFileType = wrapper.framework; name = CoreGraphics.framework; path = System/Library/Frameworks/CoreGraphics.framework; sourceTree = SDKROOT; };
		7CB3652819627C28003E216F /* UIKit.framework */ = {isa = PBXFileReference; lastKnownFileType = wrapper.framework; name = UIKit.framework; path = System/Library/Frameworks/UIKit.framework; sourceTree = SDKROOT; };
		7CB3652C19627C28003E216F /* NetCare-Info.plist */ = {isa = PBXFileReference; lastKnownFileType = text.plist.xml; path = "NetCare-Info.plist"; sourceTree = "<group>"; };
		7CB3652E19627C28003E216F /* en */ = {isa = PBXFileReference; lastKnownFileType = text.plist.strings; name = en; path = en.lproj/InfoPlist.strings; sourceTree = "<group>"; };
		7CB3653019627C28003E216F /* main.m */ = {isa = PBXFileReference; lastKnownFileType = sourcecode.c.objc; path = main.m; sourceTree = "<group>"; };
		7CB3653219627C28003E216F /* NetCare-Prefix.pch */ = {isa = PBXFileReference; lastKnownFileType = sourcecode.c.h; path = "NetCare-Prefix.pch"; sourceTree = "<group>"; };
		7CB3653319627C28003E216F /* AppDelegate.h */ = {isa = PBXFileReference; lastKnownFileType = sourcecode.c.h; path = AppDelegate.h; sourceTree = "<group>"; };
		7CB3653419627C28003E216F /* AppDelegate.m */ = {isa = PBXFileReference; lastKnownFileType = sourcecode.c.objc; path = AppDelegate.m; sourceTree = "<group>"; };
		7CB3653619627C28003E216F /* Images.xcassets */ = {isa = PBXFileReference; lastKnownFileType = folder.assetcatalog; path = Images.xcassets; sourceTree = "<group>"; };
		7CB3653C19627C28003E216F /* NetCareTests.xctest */ = {isa = PBXFileReference; explicitFileType = wrapper.cfbundle; includeInIndex = 0; path = NetCareTests.xctest; sourceTree = BUILT_PRODUCTS_DIR; };
		7CB3653D19627C28003E216F /* XCTest.framework */ = {isa = PBXFileReference; lastKnownFileType = wrapper.framework; name = XCTest.framework; path = Library/Frameworks/XCTest.framework; sourceTree = DEVELOPER_DIR; };
		7CB3654519627C28003E216F /* NetCareTests-Info.plist */ = {isa = PBXFileReference; lastKnownFileType = text.plist.xml; path = "NetCareTests-Info.plist"; sourceTree = "<group>"; };
		7CB3654719627C28003E216F /* en */ = {isa = PBXFileReference; lastKnownFileType = text.plist.strings; name = en; path = en.lproj/InfoPlist.strings; sourceTree = "<group>"; };
		7CB3654919627C28003E216F /* NetCareTests.m */ = {isa = PBXFileReference; lastKnownFileType = sourcecode.c.objc; path = NetCareTests.m; sourceTree = "<group>"; };
		7CB3655A19627DEF003E216F /* ASIAuthenticationDialog.h */ = {isa = PBXFileReference; fileEncoding = 4; lastKnownFileType = sourcecode.c.h; path = ASIAuthenticationDialog.h; sourceTree = "<group>"; };
		7CB3655B19627DEF003E216F /* ASIAuthenticationDialog.m */ = {isa = PBXFileReference; fileEncoding = 4; lastKnownFileType = sourcecode.c.objc; path = ASIAuthenticationDialog.m; sourceTree = "<group>"; };
		7CB3655C19627DEF003E216F /* ASICacheDelegate.h */ = {isa = PBXFileReference; fileEncoding = 4; lastKnownFileType = sourcecode.c.h; path = ASICacheDelegate.h; sourceTree = "<group>"; };
		7CB3655D19627DEF003E216F /* ASIDataCompressor.h */ = {isa = PBXFileReference; fileEncoding = 4; lastKnownFileType = sourcecode.c.h; path = ASIDataCompressor.h; sourceTree = "<group>"; };
		7CB3655E19627DEF003E216F /* ASIDataCompressor.m */ = {isa = PBXFileReference; fileEncoding = 4; lastKnownFileType = sourcecode.c.objc; path = ASIDataCompressor.m; sourceTree = "<group>"; };
		7CB3655F19627DEF003E216F /* ASIDataDecompressor.h */ = {isa = PBXFileReference; fileEncoding = 4; lastKnownFileType = sourcecode.c.h; path = ASIDataDecompressor.h; sourceTree = "<group>"; };
		7CB3656019627DEF003E216F /* ASIDataDecompressor.m */ = {isa = PBXFileReference; fileEncoding = 4; lastKnownFileType = sourcecode.c.objc; path = ASIDataDecompressor.m; sourceTree = "<group>"; };
		7CB3656119627DEF003E216F /* ASIDownloadCache.h */ = {isa = PBXFileReference; fileEncoding = 4; lastKnownFileType = sourcecode.c.h; path = ASIDownloadCache.h; sourceTree = "<group>"; };
		7CB3656219627DEF003E216F /* ASIDownloadCache.m */ = {isa = PBXFileReference; fileEncoding = 4; lastKnownFileType = sourcecode.c.objc; path = ASIDownloadCache.m; sourceTree = "<group>"; };
		7CB3656319627DEF003E216F /* ASIFormDataRequest.h */ = {isa = PBXFileReference; fileEncoding = 4; lastKnownFileType = sourcecode.c.h; path = ASIFormDataRequest.h; sourceTree = "<group>"; };
		7CB3656419627DEF003E216F /* ASIFormDataRequest.m */ = {isa = PBXFileReference; fileEncoding = 4; lastKnownFileType = sourcecode.c.objc; path = ASIFormDataRequest.m; sourceTree = "<group>"; };
		7CB3656519627DEF003E216F /* ASIHTTPRequest.h */ = {isa = PBXFileReference; fileEncoding = 4; lastKnownFileType = sourcecode.c.h; path = ASIHTTPRequest.h; sourceTree = "<group>"; };
		7CB3656619627DEF003E216F /* ASIHTTPRequest.m */ = {isa = PBXFileReference; fileEncoding = 4; lastKnownFileType = sourcecode.c.objc; path = ASIHTTPRequest.m; sourceTree = "<group>"; };
		7CB3656719627DEF003E216F /* ASIHTTPRequestConfig.h */ = {isa = PBXFileReference; fileEncoding = 4; lastKnownFileType = sourcecode.c.h; path = ASIHTTPRequestConfig.h; sourceTree = "<group>"; };
		7CB3656819627DEF003E216F /* ASIHTTPRequestDelegate.h */ = {isa = PBXFileReference; fileEncoding = 4; lastKnownFileType = sourcecode.c.h; path = ASIHTTPRequestDelegate.h; sourceTree = "<group>"; };
		7CB3656919627DEF003E216F /* ASIInputStream.h */ = {isa = PBXFileReference; fileEncoding = 4; lastKnownFileType = sourcecode.c.h; path = ASIInputStream.h; sourceTree = "<group>"; };
		7CB3656A19627DEF003E216F /* ASIInputStream.m */ = {isa = PBXFileReference; fileEncoding = 4; lastKnownFileType = sourcecode.c.objc; path = ASIInputStream.m; sourceTree = "<group>"; };
		7CB3656B19627DEF003E216F /* ASINetworkQueue.h */ = {isa = PBXFileReference; fileEncoding = 4; lastKnownFileType = sourcecode.c.h; path = ASINetworkQueue.h; sourceTree = "<group>"; };
		7CB3656C19627DEF003E216F /* ASINetworkQueue.m */ = {isa = PBXFileReference; fileEncoding = 4; lastKnownFileType = sourcecode.c.objc; path = ASINetworkQueue.m; sourceTree = "<group>"; };
		7CB3656D19627DEF003E216F /* ASIProgressDelegate.h */ = {isa = PBXFileReference; fileEncoding = 4; lastKnownFileType = sourcecode.c.h; path = ASIProgressDelegate.h; sourceTree = "<group>"; };
		7CB3657D19627DEF003E216F /* MBProgressHUD.h */ = {isa = PBXFileReference; fileEncoding = 4; lastKnownFileType = sourcecode.c.h; path = MBProgressHUD.h; sourceTree = "<group>"; };
		7CB3657E19627DEF003E216F /* MBProgressHUD.m */ = {isa = PBXFileReference; fileEncoding = 4; lastKnownFileType = sourcecode.c.objc; path = MBProgressHUD.m; sourceTree = "<group>"; };
		7CB3657F19627DEF003E216F /* MyAnnotation.h */ = {isa = PBXFileReference; fileEncoding = 4; lastKnownFileType = sourcecode.c.h; path = MyAnnotation.h; sourceTree = "<group>"; };
		7CB3658019627DEF003E216F /* MyAnnotation.m */ = {isa = PBXFileReference; fileEncoding = 4; lastKnownFileType = sourcecode.c.objc; path = MyAnnotation.m; sourceTree = "<group>"; };
		7CB3658219627DEF003E216F /* PKRevealController.h */ = {isa = PBXFileReference; fileEncoding = 4; lastKnownFileType = sourcecode.c.h; path = PKRevealController.h; sourceTree = "<group>"; };
		7CB3658319627DEF003E216F /* PKRevealController.m */ = {isa = PBXFileReference; fileEncoding = 4; lastKnownFileType = sourcecode.c.objc; path = PKRevealController.m; sourceTree = "<group>"; };
		7CB3658419627DEF003E216F /* PKRevealControllerContainerView.h */ = {isa = PBXFileReference; fileEncoding = 4; lastKnownFileType = sourcecode.c.h; path = PKRevealControllerContainerView.h; sourceTree = "<group>"; };
		7CB3658519627DEF003E216F /* PKRevealControllerContainerView.m */ = {isa = PBXFileReference; fileEncoding = 4; lastKnownFileType = sourcecode.c.objc; path = PKRevealControllerContainerView.m; sourceTree = "<group>"; };
		7CB3658619627DEF003E216F /* UIViewController+PKRevealController.h */ = {isa = PBXFileReference; fileEncoding = 4; lastKnownFileType = sourcecode.c.h; path = "UIViewController+PKRevealController.h"; sourceTree = "<group>"; };
		7CB3658719627DEF003E216F /* UIViewController+PKRevealController.m */ = {isa = PBXFileReference; fileEncoding = 4; lastKnownFileType = sourcecode.c.objc; path = "UIViewController+PKRevealController.m"; sourceTree = "<group>"; };
		7CB3658819627DEF003E216F /* Reachability.h */ = {isa = PBXFileReference; fileEncoding = 4; lastKnownFileType = sourcecode.c.h; path = Reachability.h; sourceTree = "<group>"; };
		7CB3658919627DEF003E216F /* Reachability.m */ = {isa = PBXFileReference; fileEncoding = 4; lastKnownFileType = sourcecode.c.objc; path = Reachability.m; sourceTree = "<group>"; };
		7CB365C719627E08003E216F /* libz.1.1.3.dylib */ = {isa = PBXFileReference; lastKnownFileType = "compiled.mach-o.dylib"; name = libz.1.1.3.dylib; path = usr/lib/libz.1.1.3.dylib; sourceTree = SDKROOT; };
		7CB365C919627E20003E216F /* libz.dylib */ = {isa = PBXFileReference; lastKnownFileType = "compiled.mach-o.dylib"; name = libz.dylib; path = usr/lib/libz.dylib; sourceTree = SDKROOT; };
		7CB365CE19627ED1003E216F /* MainViewController.h */ = {isa = PBXFileReference; fileEncoding = 4; lastKnownFileType = sourcecode.c.h; path = MainViewController.h; sourceTree = "<group>"; };
		7CB365CF19627ED1003E216F /* MainViewController.m */ = {isa = PBXFileReference; fileEncoding = 4; lastKnownFileType = sourcecode.c.objc; path = MainViewController.m; sourceTree = "<group>"; };
		7CB365D219627EFF003E216F /* SideMenuViewController.h */ = {isa = PBXFileReference; fileEncoding = 4; lastKnownFileType = sourcecode.c.h; path = SideMenuViewController.h; sourceTree = "<group>"; };
		7CB365D319627EFF003E216F /* SideMenuViewController.m */ = {isa = PBXFileReference; fileEncoding = 4; lastKnownFileType = sourcecode.c.objc; path = SideMenuViewController.m; sourceTree = "<group>"; };
		7CB365D719627F37003E216F /* LoginViewController.h */ = {isa = PBXFileReference; fileEncoding = 4; lastKnownFileType = sourcecode.c.h; name = LoginViewController.h; path = ../LoginViewController.h; sourceTree = "<group>"; };
		7CB365D819627F37003E216F /* LoginViewController.m */ = {isa = PBXFileReference; fileEncoding = 4; lastKnownFileType = sourcecode.c.objc; name = LoginViewController.m; path = ../LoginViewController.m; sourceTree = "<group>"; };
		7CB365E319628A98003E216F /* FindProviderViewController.h */ = {isa = PBXFileReference; fileEncoding = 4; lastKnownFileType = sourcecode.c.h; path = FindProviderViewController.h; sourceTree = "<group>"; };
		7CB365E419628A98003E216F /* FindProviderViewController.m */ = {isa = PBXFileReference; fileEncoding = 4; lastKnownFileType = sourcecode.c.objc; path = FindProviderViewController.m; sourceTree = "<group>"; };
		7CB365EE196290E3003E216F /* AboutViewController.h */ = {isa = PBXFileReference; fileEncoding = 4; lastKnownFileType = sourcecode.c.h; path = AboutViewController.h; sourceTree = "<group>"; };
		7CB365EF196290E3003E216F /* AboutViewController.m */ = {isa = PBXFileReference; fileEncoding = 4; lastKnownFileType = sourcecode.c.objc; path = AboutViewController.m; sourceTree = "<group>"; };
		7CBC77071964DED7003987FA /* AboutViewController.xib */ = {isa = PBXFileReference; fileEncoding = 4; lastKnownFileType = file.xib; path = AboutViewController.xib; sourceTree = "<group>"; };
		7CBC77081964DED7003987FA /* ClaimsViewController.xib */ = {isa = PBXFileReference; fileEncoding = 4; lastKnownFileType = file.xib; path = ClaimsViewController.xib; sourceTree = "<group>"; };
		7CBC77091964DED7003987FA /* DeductibleViewController.xib */ = {isa = PBXFileReference; fileEncoding = 4; lastKnownFileType = file.xib; path = DeductibleViewController.xib; sourceTree = "<group>"; };
		7CBC770A1964DED7003987FA /* DependentInfoViewController.xib */ = {isa = PBXFileReference; fileEncoding = 4; lastKnownFileType = file.xib; path = DependentInfoViewController.xib; sourceTree = "<group>"; };
		7CBC770C1964DED7003987FA /* EventsViewController.xib */ = {isa = PBXFileReference; fileEncoding = 4; lastKnownFileType = file.xib; path = EventsViewController.xib; sourceTree = "<group>"; };
		7CBC770D1964DED7003987FA /* FAQViewController.xib */ = {isa = PBXFileReference; fileEncoding = 4; lastKnownFileType = file.xib; path = FAQViewController.xib; sourceTree = "<group>"; };
		7CBC770E1964DED7003987FA /* FindProviderViewController.xib */ = {isa = PBXFileReference; fileEncoding = 4; lastKnownFileType = file.xib; path = FindProviderViewController.xib; sourceTree = "<group>"; };
		7CBC770F1964DED7003987FA /* GenSurveyViewController.xib */ = {isa = PBXFileReference; fileEncoding = 4; lastKnownFileType = file.xib; path = GenSurveyViewController.xib; sourceTree = "<group>"; };
		7CBC77101964DED7003987FA /* LoginViewController.xib */ = {isa = PBXFileReference; fileEncoding = 4; lastKnownFileType = file.xib; path = LoginViewController.xib; sourceTree = "<group>"; };
		7CBC77111964DED7003987FA /* MainViewController.xib */ = {isa = PBXFileReference; fileEncoding = 4; lastKnownFileType = file.xib; path = MainViewController.xib; sourceTree = "<group>"; };
		7CBC77121964DED7003987FA /* MemberInfoViewController.xib */ = {isa = PBXFileReference; fileEncoding = 4; lastKnownFileType = file.xib; path = MemberInfoViewController.xib; sourceTree = "<group>"; };
		7CBC77131964DED7003987FA /* ProductListingViewController.xib */ = {isa = PBXFileReference; fileEncoding = 4; lastKnownFileType = file.xib; path = ProductListingViewController.xib; sourceTree = "<group>"; };
		7CBC77141964DED7003987FA /* SideMenuViewController.xib */ = {isa = PBXFileReference; fileEncoding = 4; lastKnownFileType = file.xib; path = SideMenuViewController.xib; sourceTree = "<group>"; };
		7CBC77291964E704003987FA /* SideMenuiPadViewController.h */ = {isa = PBXFileReference; fileEncoding = 4; lastKnownFileType = sourcecode.c.h; path = SideMenuiPadViewController.h; sourceTree = "<group>"; };
		7CBC772A1964E704003987FA /* SideMenuiPadViewController.m */ = {isa = PBXFileReference; fileEncoding = 4; lastKnownFileType = sourcecode.c.objc; path = SideMenuiPadViewController.m; sourceTree = "<group>"; };
/* End PBXFileReference section */

/* Begin PBXFrameworksBuildPhase section */
		7CB3651E19627C28003E216F /* Frameworks */ = {
			isa = PBXFrameworksBuildPhase;
			buildActionMask = 2147483647;
			files = (
				7CB365CA19627E20003E216F /* libz.dylib in Frameworks */,
				7CB365C819627E08003E216F /* libz.1.1.3.dylib in Frameworks */,
				7CB3652719627C28003E216F /* CoreGraphics.framework in Frameworks */,
				7CB3652919627C28003E216F /* UIKit.framework in Frameworks */,
				7CB3652519627C28003E216F /* Foundation.framework in Frameworks */,
			);
			runOnlyForDeploymentPostprocessing = 0;
		};
		7CB3653919627C28003E216F /* Frameworks */ = {
			isa = PBXFrameworksBuildPhase;
			buildActionMask = 2147483647;
			files = (
				7CB3653E19627C28003E216F /* XCTest.framework in Frameworks */,
				7CB3654019627C28003E216F /* UIKit.framework in Frameworks */,
				7CB3653F19627C28003E216F /* Foundation.framework in Frameworks */,
			);
			runOnlyForDeploymentPostprocessing = 0;
		};
/* End PBXFrameworksBuildPhase section */

/* Begin PBXGroup section */
		7C2348B0196FC1DB00C9F0A9 /* TSPopover */ = {
			isa = PBXGroup;
			children = (
				7C2348B1196FC1DB00C9F0A9 /* TSActionSheet.h */,
				7C2348B2196FC1DB00C9F0A9 /* TSActionSheet.m */,
				7C2348B3196FC1DB00C9F0A9 /* TSPopoverController.h */,
				7C2348B4196FC1DB00C9F0A9 /* TSPopoverController.m */,
				7C2348B5196FC1DB00C9F0A9 /* TSPopoverPopoverView.h */,
				7C2348B6196FC1DB00C9F0A9 /* TSPopoverPopoverView.m */,
				7C2348B7196FC1DB00C9F0A9 /* TSPopoverTouchesDelegate.h */,
				7C2348B8196FC1DB00C9F0A9 /* TSPopoverTouchView.h */,
				7C2348B9196FC1DB00C9F0A9 /* TSPopoverTouchView.m */,
				7C2348BA196FC1DB00C9F0A9 /* UIBarButtonItem+WEPopover.h */,
				7C2348BB196FC1DB00C9F0A9 /* UIBarButtonItem+WEPopover.m */,
			);
			path = TSPopover;
			sourceTree = "<group>";
		};
		7C3CC44E196F62B100AB4EC6 /* Images */ = {
			isa = PBXGroup;
			children = (
				7C3CC46D196F62B100AB4EC6 /* FindProvider.jpg */,
				7C3CC4A4196F647400AB4EC6 /* LaunchImg_568hRetina.png */,
				7C3CC46E196F62B100AB4EC6 /* nclogo.png */,
				7C3CC46F196F62B100AB4EC6 /* Netcare logo.png */,
				7C3CC474196F62B100AB4EC6 /* sample01.png */,
				7C3CC475196F62B100AB4EC6 /* sample02.png */,
				7C3CC476196F62B100AB4EC6 /* whitebox.png */,
				7C3CC477196F62B100AB4EC6 /* whitebox_expired.png */,
				7C3CC44F196F62B100AB4EC6 /* background */,
				7C3CC457196F62B100AB4EC6 /* btn_icons */,
				7C3CC470196F62B100AB4EC6 /* Register */,
			);
			path = Images;
			sourceTree = "<group>";
		};
		7C3CC44F196F62B100AB4EC6 /* background */ = {
			isa = PBXGroup;
			children = (
				7C3CC4A2196F639000AB4EC6 /* registrationbox.png */,
				7C3CC450196F62B100AB4EC6 /* background-tablecell.png */,
				7C3CC451196F62B100AB4EC6 /* BGpng */,
				7C3CC452196F62B100AB4EC6 /* loginbg.png */,
				7C3CC453196F62B100AB4EC6 /* menuBG.png */,
				7C3CC454196F62B100AB4EC6 /* nav bar.png */,
				7C3CC456196F62B100AB4EC6 /* signin bar.png */,
			);
			path = background;
			sourceTree = "<group>";
		};
		7C3CC457196F62B100AB4EC6 /* btn_icons */ = {
			isa = PBXGroup;
			children = (
				7C3CC49E196F637300AB4EC6 /* checkbox_empty.png */,
				7C3CC49F196F637300AB4EC6 /* checkbox_selected.png */,
				7C3CC458196F62B100AB4EC6 /* About Netcare.png */,
				7C3CC45B196F62B100AB4EC6 /* Claims.png */,
				7C3CC45C196F62B100AB4EC6 /* Deductible.png */,
				7C3CC45D196F62B100AB4EC6 /* dependentbtn.png */,
				7C3CC45E196F62B100AB4EC6 /* dependents.png */,
				7C3CC45F196F62B100AB4EC6 /* Eligibility Info.png */,
				7C3CC460196F62B100AB4EC6 /* FAQ's.png */,
				7C3CC461196F62B100AB4EC6 /* Find Provider.png */,
				7C3CC462196F62B100AB4EC6 /* Gen Survey.png */,
				7C3CC463196F62B100AB4EC6 /* home.png */,
				7C3CC464196F62B100AB4EC6 /* homebtn.png */,
				7C3CC465196F62B100AB4EC6 /* icon.png */,
				7C3CC466196F62B100AB4EC6 /* logout.png */,
				7C3CC467196F62B100AB4EC6 /* Member Info.png */,
				7C3CC468196F62B100AB4EC6 /* member.png */,
				7C3CC469196F62B100AB4EC6 /* memberbtn.png */,
				7C3CC46A196F62B100AB4EC6 /* menubtn.png */,
				7C3CC46B196F62B100AB4EC6 /* Product Listing.png */,
				7C3CC46C196F62B100AB4EC6 /* Upcoming Events.png */,
			);
			path = btn_icons;
			sourceTree = "<group>";
		};
		7C3CC470196F62B100AB4EC6 /* Register */ = {
			isa = PBXGroup;
			children = (
				7C3CC471196F62B100AB4EC6 /* check box.png */,
				7C3CC472196F62B100AB4EC6 /* check.png */,
				7C3CC473196F62B100AB4EC6 /* registration box.png */,
			);
			path = Register;
			sourceTree = "<group>";
		};
		7CB3651819627C28003E216F = {
			isa = PBXGroup;
			children = (
				7C3CC4A6196F66F200AB4EC6 /* Default-568h@2x.png */,
				7CB3652A19627C28003E216F /* NetCare */,
				7CB3652319627C28003E216F /* Frameworks */,
				7CB3654319627C28003E216F /* NetCareTests */,
				7CB3652219627C28003E216F /* Products */,
			);
			sourceTree = "<group>";
		};
		7CB3652219627C28003E216F /* Products */ = {
			isa = PBXGroup;
			children = (
				7CB3652119627C28003E216F /* NetCare.app */,
				7CB3653C19627C28003E216F /* NetCareTests.xctest */,
			);
			name = Products;
			sourceTree = "<group>";
		};
		7CB3652319627C28003E216F /* Frameworks */ = {
			isa = PBXGroup;
			children = (
				7CB365C919627E20003E216F /* libz.dylib */,
				7CB365C719627E08003E216F /* libz.1.1.3.dylib */,
				7CB3652419627C28003E216F /* Foundation.framework */,
				7CB3652619627C28003E216F /* CoreGraphics.framework */,
				7CB3652819627C28003E216F /* UIKit.framework */,
				7CB3653D19627C28003E216F /* XCTest.framework */,
			);
			name = Frameworks;
			sourceTree = "<group>";
		};
		7CB3652A19627C28003E216F /* NetCare */ = {
			isa = PBXGroup;
			children = (
				7CB3653319627C28003E216F /* AppDelegate.h */,
				7CB3653419627C28003E216F /* AppDelegate.m */,
				7CB3653619627C28003E216F /* Images.xcassets */,
				7C3CC44E196F62B100AB4EC6 /* Images */,
				7CB365CB19627ED1003E216F /* Nibs */,
				7CB365CD19627ED1003E216F /* ViewControllers */,
				7CB3655819627DEF003E216F /* Resources */,
				7CB3652B19627C28003E216F /* Supporting Files */,
			);
			path = NetCare;
			sourceTree = "<group>";
		};
		7CB3652B19627C28003E216F /* Supporting Files */ = {
			isa = PBXGroup;
			children = (
				7CB3652C19627C28003E216F /* NetCare-Info.plist */,
				7CB3652D19627C28003E216F /* InfoPlist.strings */,
				7CB3653019627C28003E216F /* main.m */,
				7CB3653219627C28003E216F /* NetCare-Prefix.pch */,
			);
			name = "Supporting Files";
			sourceTree = "<group>";
		};
		7CB3654319627C28003E216F /* NetCareTests */ = {
			isa = PBXGroup;
			children = (
				7CB3654919627C28003E216F /* NetCareTests.m */,
				7CB3654419627C28003E216F /* Supporting Files */,
			);
			path = NetCareTests;
			sourceTree = "<group>";
		};
		7CB3654419627C28003E216F /* Supporting Files */ = {
			isa = PBXGroup;
			children = (
				7CB3654519627C28003E216F /* NetCareTests-Info.plist */,
				7CB3654619627C28003E216F /* InfoPlist.strings */,
			);
			name = "Supporting Files";
			sourceTree = "<group>";
		};
		7CB3655819627DEF003E216F /* Resources */ = {
			isa = PBXGroup;
			children = (
				7CB3657F19627DEF003E216F /* MyAnnotation.h */,
				7CB3658019627DEF003E216F /* MyAnnotation.m */,
				7CB3658819627DEF003E216F /* Reachability.h */,
				7CB3658919627DEF003E216F /* Reachability.m */,
				7CB3655919627DEF003E216F /* ASIHTTPRequest */,
				7CB3657C19627DEF003E216F /* MBProgressHUD */,
				7CB3658119627DEF003E216F /* PKRevealController */,
				7C2348B0196FC1DB00C9F0A9 /* TSPopover */,
			);
			path = Resources;
			sourceTree = "<group>";
		};
		7CB3655919627DEF003E216F /* ASIHTTPRequest */ = {
			isa = PBXGroup;
			children = (
				7CB3655A19627DEF003E216F /* ASIAuthenticationDialog.h */,
				7CB3655B19627DEF003E216F /* ASIAuthenticationDialog.m */,
				7CB3655C19627DEF003E216F /* ASICacheDelegate.h */,
				7CB3655D19627DEF003E216F /* ASIDataCompressor.h */,
				7CB3655E19627DEF003E216F /* ASIDataCompressor.m */,
				7CB3655F19627DEF003E216F /* ASIDataDecompressor.h */,
				7CB3656019627DEF003E216F /* ASIDataDecompressor.m */,
				7CB3656119627DEF003E216F /* ASIDownloadCache.h */,
				7CB3656219627DEF003E216F /* ASIDownloadCache.m */,
				7CB3656319627DEF003E216F /* ASIFormDataRequest.h */,
				7CB3656419627DEF003E216F /* ASIFormDataRequest.m */,
				7CB3656519627DEF003E216F /* ASIHTTPRequest.h */,
				7CB3656619627DEF003E216F /* ASIHTTPRequest.m */,
				7CB3656719627DEF003E216F /* ASIHTTPRequestConfig.h */,
				7CB3656819627DEF003E216F /* ASIHTTPRequestDelegate.h */,
				7CB3656919627DEF003E216F /* ASIInputStream.h */,
				7CB3656A19627DEF003E216F /* ASIInputStream.m */,
				7CB3656B19627DEF003E216F /* ASINetworkQueue.h */,
				7CB3656C19627DEF003E216F /* ASINetworkQueue.m */,
				7CB3656D19627DEF003E216F /* ASIProgressDelegate.h */,
			);
			path = ASIHTTPRequest;
			sourceTree = "<group>";
		};
		7CB3657C19627DEF003E216F /* MBProgressHUD */ = {
			isa = PBXGroup;
			children = (
				7CB3657D19627DEF003E216F /* MBProgressHUD.h */,
				7CB3657E19627DEF003E216F /* MBProgressHUD.m */,
			);
			path = MBProgressHUD;
			sourceTree = "<group>";
		};
		7CB3658119627DEF003E216F /* PKRevealController */ = {
			isa = PBXGroup;
			children = (
				7CB3658219627DEF003E216F /* PKRevealController.h */,
				7CB3658319627DEF003E216F /* PKRevealController.m */,
				7CB3658419627DEF003E216F /* PKRevealControllerContainerView.h */,
				7CB3658519627DEF003E216F /* PKRevealControllerContainerView.m */,
				7CB3658619627DEF003E216F /* UIViewController+PKRevealController.h */,
				7CB3658719627DEF003E216F /* UIViewController+PKRevealController.m */,
			);
			path = PKRevealController;
			sourceTree = "<group>";
		};
		7CB365CB19627ED1003E216F /* Nibs */ = {
			isa = PBXGroup;
			children = (
				7CBC77051964DED7003987FA /* iPad */,
				7CBC77061964DED7003987FA /* iPhone */,
			);
			path = Nibs;
			sourceTree = "<group>";
		};
		7CB365CD19627ED1003E216F /* ViewControllers */ = {
			isa = PBXGroup;
			children = (
				7CB365EE196290E3003E216F /* AboutViewController.h */,
				7CB365EF196290E3003E216F /* AboutViewController.m */,
				7CA90C8F1963D11000E9545A /* ClaimsViewController.h */,
				7CA90C901963D11000E9545A /* ClaimsViewController.m */,
				7CA90C941963D12800E9545A /* DeductibleViewController.h */,
				7CA90C951963D12800E9545A /* DeductibleViewController.m */,
				7CA90C42196385E400E9545A /* DependentInfoViewController.h */,
				7CA90C43196385E400E9545A /* DependentInfoViewController.m */,
				7CA90CBA1963D19E00E9545A /* EventsViewController.h */,
				7CA90CBB1963D19E00E9545A /* EventsViewController.m */,
				7CA90CA31963D15C00E9545A /* FAQViewController.h */,
				7CA90CA41963D15C00E9545A /* FAQViewController.m */,
				7CB365E319628A98003E216F /* FindProviderViewController.h */,
				7CB365E419628A98003E216F /* FindProviderViewController.m */,
				7CA90C9E1963D14E00E9545A /* GenSurveyViewController.h */,
				7CA90C9F1963D14E00E9545A /* GenSurveyViewController.m */,
				7CB365D719627F37003E216F /* LoginViewController.h */,
				7CB365D819627F37003E216F /* LoginViewController.m */,
				7CB365CE19627ED1003E216F /* MainViewController.h */,
				7CB365CF19627ED1003E216F /* MainViewController.m */,
				7CA90C3B196382E900E9545A /* MemberInfoViewController.h */,
				7CA90C3C196382E900E9545A /* MemberInfoViewController.m */,
				7CA90C851963CDD400E9545A /* ProductListingViewController.h */,
				7CA90C861963CDD400E9545A /* ProductListingViewController.m */,
				7C3CC4A8196F67AE00AB4EC6 /* RegistrationViewController.h */,
				7C3CC4A9196F67AE00AB4EC6 /* RegistrationViewController.m */,
				7CBC77291964E704003987FA /* SideMenuiPadViewController.h */,
				7CBC772A1964E704003987FA /* SideMenuiPadViewController.m */,
				7CB365D219627EFF003E216F /* SideMenuViewController.h */,
				7CB365D319627EFF003E216F /* SideMenuViewController.m */,
			);
			path = ViewControllers;
			sourceTree = "<group>";
		};
		7CBC77051964DED7003987FA /* iPad */ = {
			isa = PBXGroup;
			children = (
			);
			path = iPad;
			sourceTree = "<group>";
		};
		7CBC77061964DED7003987FA /* iPhone */ = {
			isa = PBXGroup;
			children = (
				7C2348C1196FD4A200C9F0A9 /* RegistrationViewController.xib */,
				7CBC77071964DED7003987FA /* AboutViewController.xib */,
				7CBC77081964DED7003987FA /* ClaimsViewController.xib */,
				7CBC77091964DED7003987FA /* DeductibleViewController.xib */,
				7CBC770A1964DED7003987FA /* DependentInfoViewController.xib */,
				7CBC770C1964DED7003987FA /* EventsViewController.xib */,
				7CBC770D1964DED7003987FA /* FAQViewController.xib */,
				7CBC770E1964DED7003987FA /* FindProviderViewController.xib */,
				7CBC770F1964DED7003987FA /* GenSurveyViewController.xib */,
				7CBC77101964DED7003987FA /* LoginViewController.xib */,
				7CBC77111964DED7003987FA /* MainViewController.xib */,
				7CBC77121964DED7003987FA /* MemberInfoViewController.xib */,
				7CBC77131964DED7003987FA /* ProductListingViewController.xib */,
				7CBC77141964DED7003987FA /* SideMenuViewController.xib */,
			);
			path = iPhone;
			sourceTree = "<group>";
		};
/* End PBXGroup section */

/* Begin PBXNativeTarget section */
		7CB3652019627C28003E216F /* NetCare */ = {
			isa = PBXNativeTarget;
			buildConfigurationList = 7CB3654D19627C28003E216F /* Build configuration list for PBXNativeTarget "NetCare" */;
			buildPhases = (
				7CB3651D19627C28003E216F /* Sources */,
				7CB3651E19627C28003E216F /* Frameworks */,
				7CB3651F19627C28003E216F /* Resources */,
			);
			buildRules = (
			);
			dependencies = (
			);
			name = NetCare;
			productName = NetCare;
			productReference = 7CB3652119627C28003E216F /* NetCare.app */;
			productType = "com.apple.product-type.application";
		};
		7CB3653B19627C28003E216F /* NetCareTests */ = {
			isa = PBXNativeTarget;
			buildConfigurationList = 7CB3655019627C28003E216F /* Build configuration list for PBXNativeTarget "NetCareTests" */;
			buildPhases = (
				7CB3653819627C28003E216F /* Sources */,
				7CB3653919627C28003E216F /* Frameworks */,
				7CB3653A19627C28003E216F /* Resources */,
			);
			buildRules = (
			);
			dependencies = (
				7CB3654219627C28003E216F /* PBXTargetDependency */,
			);
			name = NetCareTests;
			productName = NetCareTests;
			productReference = 7CB3653C19627C28003E216F /* NetCareTests.xctest */;
			productType = "com.apple.product-type.bundle.unit-test";
		};
/* End PBXNativeTarget section */

/* Begin PBXProject section */
		7CB3651919627C28003E216F /* Project object */ = {
			isa = PBXProject;
			attributes = {
				LastUpgradeCheck = 0510;
				ORGANIZATIONNAME = NetCare;
				TargetAttributes = {
					7CB3653B19627C28003E216F = {
						TestTargetID = 7CB3652019627C28003E216F;
					};
				};
			};
			buildConfigurationList = 7CB3651C19627C28003E216F /* Build configuration list for PBXProject "NetCare" */;
			compatibilityVersion = "Xcode 3.2";
			developmentRegion = English;
			hasScannedForEncodings = 0;
			knownRegions = (
				en,
			);
			mainGroup = 7CB3651819627C28003E216F;
			productRefGroup = 7CB3652219627C28003E216F /* Products */;
			projectDirPath = "";
			projectRoot = "";
			targets = (
				7CB3652019627C28003E216F /* NetCare */,
				7CB3653B19627C28003E216F /* NetCareTests */,
			);
		};
/* End PBXProject section */

/* Begin PBXResourcesBuildPhase section */
		7CB3651F19627C28003E216F /* Resources */ = {
			isa = PBXResourcesBuildPhase;
			buildActionMask = 2147483647;
			files = (
				7CBC771B1964DED7003987FA /* FAQViewController.xib in Resources */,
				7C3CC48E196F62B100AB4EC6 /* Member Info.png in Resources */,
				7C3CC49A196F62B100AB4EC6 /* sample01.png in Resources */,
				7CBC771C1964DED7003987FA /* FindProviderViewController.xib in Resources */,
				7C3CC48F196F62B100AB4EC6 /* member.png in Resources */,
				7C3CC494196F62B100AB4EC6 /* FindProvider.jpg in Resources */,
				7CBC77211964DED7003987FA /* ProductListingViewController.xib in Resources */,
				7C3CC498196F62B100AB4EC6 /* check.png in Resources */,
				7C3CC4A0196F637300AB4EC6 /* checkbox_empty.png in Resources */,
				7C3CC496196F62B100AB4EC6 /* Netcare logo.png in Resources */,
				7C3CC4A3196F639000AB4EC6 /* registrationbox.png in Resources */,
				7C3CC499196F62B100AB4EC6 /* registration box.png in Resources */,
				7C3CC490196F62B100AB4EC6 /* memberbtn.png in Resources */,
				7CB3652F19627C28003E216F /* InfoPlist.strings in Resources */,
				7C3CC49C196F62B100AB4EC6 /* whitebox.png in Resources */,
				7C3CC483196F62B100AB4EC6 /* Deductible.png in Resources */,
				7C3CC47C196F62B100AB4EC6 /* nav bar.png in Resources */,
				7CBC77201964DED7003987FA /* MemberInfoViewController.xib in Resources */,
				7C3CC497196F62B100AB4EC6 /* check box.png in Resources */,
				7C3CC4A7196F66F200AB4EC6 /* Default-568h@2x.png in Resources */,
				7C3CC49B196F62B100AB4EC6 /* sample02.png in Resources */,
				7CBC771A1964DED7003987FA /* EventsViewController.xib in Resources */,
				7C3CC486196F62B100AB4EC6 /* Eligibility Info.png in Resources */,
				7C3CC47A196F62B100AB4EC6 /* loginbg.png in Resources */,
				7C3CC495196F62B100AB4EC6 /* nclogo.png in Resources */,
				7C3CC48D196F62B100AB4EC6 /* logout.png in Resources */,
				7C3CC491196F62B100AB4EC6 /* menubtn.png in Resources */,
				7CBC77171964DED7003987FA /* DeductibleViewController.xib in Resources */,
				7CBC77181964DED7003987FA /* DependentInfoViewController.xib in Resources */,
				7C3CC49D196F62B100AB4EC6 /* whitebox_expired.png in Resources */,
				7C3CC48A196F62B100AB4EC6 /* home.png in Resources */,
				7C3CC493196F62B100AB4EC6 /* Upcoming Events.png in Resources */,
				7C3CC47B196F62B100AB4EC6 /* menuBG.png in Resources */,
				7C2348C2196FD4A200C9F0A9 /* RegistrationViewController.xib in Resources */,
				7C3CC485196F62B100AB4EC6 /* dependents.png in Resources */,
				7C3CC492196F62B100AB4EC6 /* Product Listing.png in Resources */,
				7C3CC47E196F62B100AB4EC6 /* signin bar.png in Resources */,
				7C3CC484196F62B100AB4EC6 /* dependentbtn.png in Resources */,
				7CBC771D1964DED7003987FA /* GenSurveyViewController.xib in Resources */,
				7C3CC48C196F62B100AB4EC6 /* icon.png in Resources */,
				7C3CC4A5196F647400AB4EC6 /* LaunchImg_568hRetina.png in Resources */,
				7C3CC479196F62B100AB4EC6 /* BGpng in Resources */,
				7C3CC47F196F62B100AB4EC6 /* About Netcare.png in Resources */,
				7CBC77161964DED7003987FA /* ClaimsViewController.xib in Resources */,
				7C3CC478196F62B100AB4EC6 /* background-tablecell.png in Resources */,
				7C3CC487196F62B100AB4EC6 /* FAQ's.png in Resources */,
				7CBC771E1964DED7003987FA /* LoginViewController.xib in Resources */,
				7C3CC4A1196F637300AB4EC6 /* checkbox_selected.png in Resources */,
				7C3CC482196F62B100AB4EC6 /* Claims.png in Resources */,
				7C3CC48B196F62B100AB4EC6 /* homebtn.png in Resources */,
				7CB3653719627C28003E216F /* Images.xcassets in Resources */,
				7C3CC489196F62B100AB4EC6 /* Gen Survey.png in Resources */,
				7CBC771F1964DED7003987FA /* MainViewController.xib in Resources */,
				7C3CC488196F62B100AB4EC6 /* Find Provider.png in Resources */,
				7CBC77221964DED7003987FA /* SideMenuViewController.xib in Resources */,
				7CBC77151964DED7003987FA /* AboutViewController.xib in Resources */,
			);
			runOnlyForDeploymentPostprocessing = 0;
		};
		7CB3653A19627C28003E216F /* Resources */ = {
			isa = PBXResourcesBuildPhase;
			buildActionMask = 2147483647;
			files = (
				7CB3654819627C28003E216F /* InfoPlist.strings in Resources */,
			);
			runOnlyForDeploymentPostprocessing = 0;
		};
/* End PBXResourcesBuildPhase section */

/* Begin PBXSourcesBuildPhase section */
		7CB3651D19627C28003E216F /* Sources */ = {
			isa = PBXSourcesBuildPhase;
			buildActionMask = 2147483647;
			files = (
				7CA90C971963D12800E9545A /* DeductibleViewController.m in Sources */,
				7CB365A519627DEF003E216F /* ASIDataCompressor.m in Sources */,
				7CB3653519627C28003E216F /* AppDelegate.m in Sources */,
				7CB365A919627DEF003E216F /* ASIHTTPRequest.m in Sources */,
				7CB365B619627DEF003E216F /* MyAnnotation.m in Sources */,
				7CB365DA19627F37003E216F /* LoginViewController.m in Sources */,
				7CBC772C1964E704003987FA /* SideMenuiPadViewController.m in Sources */,
				7CB365D519627EFF003E216F /* SideMenuViewController.m in Sources */,
				7CA90C45196385E400E9545A /* DependentInfoViewController.m in Sources */,
				7CA90C3E196382E900E9545A /* MemberInfoViewController.m in Sources */,
				7CA90CA61963D15C00E9545A /* FAQViewController.m in Sources */,
				7C2348BF196FC1DB00C9F0A9 /* TSPopoverTouchView.m in Sources */,
				7CB365A419627DEF003E216F /* ASIAuthenticationDialog.m in Sources */,
				7C2348C0196FC1DB00C9F0A9 /* UIBarButtonItem+WEPopover.m in Sources */,
				7CB365D119627ED1003E216F /* MainViewController.m in Sources */,
				7CB365B919627DEF003E216F /* UIViewController+PKRevealController.m in Sources */,
				7CA90CBC1963D19E00E9545A /* EventsViewController.m in Sources */,
				7CA90C921963D11000E9545A /* ClaimsViewController.m in Sources */,
				7CB365A819627DEF003E216F /* ASIFormDataRequest.m in Sources */,
				7C3CC4AB196F67AE00AB4EC6 /* RegistrationViewController.m in Sources */,
				7CB365B819627DEF003E216F /* PKRevealControllerContainerView.m in Sources */,
				7C2348BD196FC1DB00C9F0A9 /* TSPopoverController.m in Sources */,
				7C2348BE196FC1DB00C9F0A9 /* TSPopoverPopoverView.m in Sources */,
				7CB365AA19627DEF003E216F /* ASIInputStream.m in Sources */,
				7CB365B719627DEF003E216F /* PKRevealController.m in Sources */,
				7CA90CA11963D14E00E9545A /* GenSurveyViewController.m in Sources */,
				7CB365E619628A98003E216F /* FindProviderViewController.m in Sources */,
				7CB3653119627C28003E216F /* main.m in Sources */,
				7CB365B519627DEF003E216F /* MBProgressHUD.m in Sources */,
				7CB365F1196290E3003E216F /* AboutViewController.m in Sources */,
				7CB365AB19627DEF003E216F /* ASINetworkQueue.m in Sources */,
				7C2348BC196FC1DB00C9F0A9 /* TSActionSheet.m in Sources */,
				7CB365A619627DEF003E216F /* ASIDataDecompressor.m in Sources */,
				7CA90C881963CDD400E9545A /* ProductListingViewController.m in Sources */,
				7CB365BA19627DEF003E216F /* Reachability.m in Sources */,
				7CB365A719627DEF003E216F /* ASIDownloadCache.m in Sources */,
			);
			runOnlyForDeploymentPostprocessing = 0;
		};
		7CB3653819627C28003E216F /* Sources */ = {
			isa = PBXSourcesBuildPhase;
			buildActionMask = 2147483647;
			files = (
				7CB3654A19627C28003E216F /* NetCareTests.m in Sources */,
			);
			runOnlyForDeploymentPostprocessing = 0;
		};
/* End PBXSourcesBuildPhase section */

/* Begin PBXTargetDependency section */
		7CB3654219627C28003E216F /* PBXTargetDependency */ = {
			isa = PBXTargetDependency;
			target = 7CB3652019627C28003E216F /* NetCare */;
			targetProxy = 7CB3654119627C28003E216F /* PBXContainerItemProxy */;
		};
/* End PBXTargetDependency section */

/* Begin PBXVariantGroup section */
		7CB3652D19627C28003E216F /* InfoPlist.strings */ = {
			isa = PBXVariantGroup;
			children = (
				7CB3652E19627C28003E216F /* en */,
			);
			name = InfoPlist.strings;
			sourceTree = "<group>";
		};
		7CB3654619627C28003E216F /* InfoPlist.strings */ = {
			isa = PBXVariantGroup;
			children = (
				7CB3654719627C28003E216F /* en */,
			);
			name = InfoPlist.strings;
			sourceTree = "<group>";
		};
/* End PBXVariantGroup section */

/* Begin XCBuildConfiguration section */
		7CB3654B19627C28003E216F /* Debug */ = {
			isa = XCBuildConfiguration;
			buildSettings = {
				ALWAYS_SEARCH_USER_PATHS = NO;
				CLANG_CXX_LANGUAGE_STANDARD = "gnu++0x";
				CLANG_CXX_LIBRARY = "libc++";
				CLANG_ENABLE_MODULES = YES;
				CLANG_ENABLE_OBJC_ARC = YES;
				CLANG_WARN_BOOL_CONVERSION = YES;
				CLANG_WARN_CONSTANT_CONVERSION = YES;
				CLANG_WARN_DIRECT_OBJC_ISA_USAGE = YES_ERROR;
				CLANG_WARN_EMPTY_BODY = YES;
				CLANG_WARN_ENUM_CONVERSION = YES;
				CLANG_WARN_INT_CONVERSION = YES;
				CLANG_WARN_OBJC_ROOT_CLASS = YES_ERROR;
				CLANG_WARN__DUPLICATE_METHOD_MATCH = YES;
				"CODE_SIGN_IDENTITY[sdk=iphoneos*]" = "iPhone Developer";
				COPY_PHASE_STRIP = NO;
				GCC_C_LANGUAGE_STANDARD = gnu99;
				GCC_DYNAMIC_NO_PIC = NO;
				GCC_OPTIMIZATION_LEVEL = 0;
				GCC_PREPROCESSOR_DEFINITIONS = (
					"DEBUG=1",
					"$(inherited)",
				);
				GCC_SYMBOLS_PRIVATE_EXTERN = NO;
				GCC_WARN_64_TO_32_BIT_CONVERSION = YES;
				GCC_WARN_ABOUT_RETURN_TYPE = YES_ERROR;
				GCC_WARN_UNDECLARED_SELECTOR = YES;
				GCC_WARN_UNINITIALIZED_AUTOS = YES_AGGRESSIVE;
				GCC_WARN_UNUSED_FUNCTION = YES;
				GCC_WARN_UNUSED_VARIABLE = YES;
				IPHONEOS_DEPLOYMENT_TARGET = 7.1;
				ONLY_ACTIVE_ARCH = YES;
				SDKROOT = iphoneos;
				TARGETED_DEVICE_FAMILY = "1,2";
			};
			name = Debug;
		};
		7CB3654C19627C28003E216F /* Release */ = {
			isa = XCBuildConfiguration;
			buildSettings = {
				ALWAYS_SEARCH_USER_PATHS = NO;
				CLANG_CXX_LANGUAGE_STANDARD = "gnu++0x";
				CLANG_CXX_LIBRARY = "libc++";
				CLANG_ENABLE_MODULES = YES;
				CLANG_ENABLE_OBJC_ARC = YES;
				CLANG_WARN_BOOL_CONVERSION = YES;
				CLANG_WARN_CONSTANT_CONVERSION = YES;
				CLANG_WARN_DIRECT_OBJC_ISA_USAGE = YES_ERROR;
				CLANG_WARN_EMPTY_BODY = YES;
				CLANG_WARN_ENUM_CONVERSION = YES;
				CLANG_WARN_INT_CONVERSION = YES;
				CLANG_WARN_OBJC_ROOT_CLASS = YES_ERROR;
				CLANG_WARN__DUPLICATE_METHOD_MATCH = YES;
				"CODE_SIGN_IDENTITY[sdk=iphoneos*]" = "iPhone Developer";
				COPY_PHASE_STRIP = YES;
				ENABLE_NS_ASSERTIONS = NO;
				GCC_C_LANGUAGE_STANDARD = gnu99;
				GCC_WARN_64_TO_32_BIT_CONVERSION = YES;
				GCC_WARN_ABOUT_RETURN_TYPE = YES_ERROR;
				GCC_WARN_UNDECLARED_SELECTOR = YES;
				GCC_WARN_UNINITIALIZED_AUTOS = YES_AGGRESSIVE;
				GCC_WARN_UNUSED_FUNCTION = YES;
				GCC_WARN_UNUSED_VARIABLE = YES;
				IPHONEOS_DEPLOYMENT_TARGET = 7.1;
				SDKROOT = iphoneos;
				TARGETED_DEVICE_FAMILY = "1,2";
				VALIDATE_PRODUCT = YES;
			};
			name = Release;
		};
		7CB3654E19627C28003E216F /* Debug */ = {
			isa = XCBuildConfiguration;
			buildSettings = {
				CODE_SIGN_IDENTITY = "iPhone Developer: Rene Jaspe (3UY9WM34CJ)";
				GCC_PRECOMPILE_PREFIX_HEADER = YES;
				GCC_PREFIX_HEADER = "NetCare/NetCare-Prefix.pch";
				INFOPLIST_FILE = "NetCare/NetCare-Info.plist";
				IPHONEOS_DEPLOYMENT_TARGET = 7.1;
				PRODUCT_NAME = "$(TARGET_NAME)";
				PROVISIONING_PROFILE = "26EF201B-8B8A-4FD8-A576-B5ECB533CF2A";
				TARGETED_DEVICE_FAMILY = "1,2";
				WRAPPER_EXTENSION = app;
			};
			name = Debug;
		};
		7CB3654F19627C28003E216F /* Release */ = {
			isa = XCBuildConfiguration;
			buildSettings = {
				CODE_SIGN_IDENTITY = "iPhone Developer: Rene Jaspe (3UY9WM34CJ)";
				GCC_PRECOMPILE_PREFIX_HEADER = YES;
				GCC_PREFIX_HEADER = "NetCare/NetCare-Prefix.pch";
				INFOPLIST_FILE = "NetCare/NetCare-Info.plist";
				IPHONEOS_DEPLOYMENT_TARGET = 7.1;
				PRODUCT_NAME = "$(TARGET_NAME)";
				PROVISIONING_PROFILE = "26EF201B-8B8A-4FD8-A576-B5ECB533CF2A";
				TARGETED_DEVICE_FAMILY = "1,2";
				WRAPPER_EXTENSION = app;
			};
			name = Release;
		};
		7CB3655119627C28003E216F /* Debug */ = {
			isa = XCBuildConfiguration;
			buildSettings = {
				BUNDLE_LOADER = "$(BUILT_PRODUCTS_DIR)/NetCare.app/NetCare";
				FRAMEWORK_SEARCH_PATHS = (
					"$(SDKROOT)/Developer/Library/Frameworks",
					"$(inherited)",
					"$(DEVELOPER_FRAMEWORKS_DIR)",
				);
				GCC_PRECOMPILE_PREFIX_HEADER = YES;
				GCC_PREFIX_HEADER = "NetCare/NetCare-Prefix.pch";
				GCC_PREPROCESSOR_DEFINITIONS = (
					"DEBUG=1",
					"$(inherited)",
				);
				INFOPLIST_FILE = "NetCareTests/NetCareTests-Info.plist";
				PRODUCT_NAME = "$(TARGET_NAME)";
				TEST_HOST = "$(BUNDLE_LOADER)";
				WRAPPER_EXTENSION = xctest;
			};
			name = Debug;
		};
		7CB3655219627C28003E216F /* Release */ = {
			isa = XCBuildConfiguration;
			buildSettings = {
				BUNDLE_LOADER = "$(BUILT_PRODUCTS_DIR)/NetCare.app/NetCare";
				FRAMEWORK_SEARCH_PATHS = (
					"$(SDKROOT)/Developer/Library/Frameworks",
					"$(inherited)",
					"$(DEVELOPER_FRAMEWORKS_DIR)",
				);
				GCC_PRECOMPILE_PREFIX_HEADER = YES;
				GCC_PREFIX_HEADER = "NetCare/NetCare-Prefix.pch";
				INFOPLIST_FILE = "NetCareTests/NetCareTests-Info.plist";
				PRODUCT_NAME = "$(TARGET_NAME)";
				TEST_HOST = "$(BUNDLE_LOADER)";
				WRAPPER_EXTENSION = xctest;
			};
			name = Release;
		};
/* End XCBuildConfiguration section */

/* Begin XCConfigurationList section */
		7CB3651C19627C28003E216F /* Build configuration list for PBXProject "NetCare" */ = {
			isa = XCConfigurationList;
			buildConfigurations = (
				7CB3654B19627C28003E216F /* Debug */,
				7CB3654C19627C28003E216F /* Release */,
			);
			defaultConfigurationIsVisible = 0;
			defaultConfigurationName = Release;
		};
		7CB3654D19627C28003E216F /* Build configuration list for PBXNativeTarget "NetCare" */ = {
			isa = XCConfigurationList;
			buildConfigurations = (
				7CB3654E19627C28003E216F /* Debug */,
				7CB3654F19627C28003E216F /* Release */,
			);
			defaultConfigurationIsVisible = 0;
			defaultConfigurationName = Release;
		};
		7CB3655019627C28003E216F /* Build configuration list for PBXNativeTarget "NetCareTests" */ = {
			isa = XCConfigurationList;
			buildConfigurations = (
				7CB3655119627C28003E216F /* Debug */,
				7CB3655219627C28003E216F /* Release */,
			);
			defaultConfigurationIsVisible = 0;
			defaultConfigurationName = Release;
		};
/* End XCConfigurationList section */
	};
	rootObject = 7CB3651919627C28003E216F /* Project object */;
}
